
Microsoft Visual Studio Solution File, Format Version 12.00
# Visual Studio Version 16
VisualStudioVersion = 16.0.30621.155
MinimumVisualStudioVersion = 10.0.40219.1
Project("{8BC9CEB8-8B4A-11D0-8D11-00A0C91BC942}") = "klearvault", "klearvault\klearvault.vcxproj", "{75596AA2-826A-42AC-9BD3-ED16BE2E45B6}"
EndProject
Project("{2150E333-8FDC-42A3-9474-1A3956D46DE8}") = "global files", "global files", "{01E3B0DF-7CBF-4316-B8B6-13B0ED43BCB5}"
	ProjectSection(SolutionItems) = preProject
		appveyor.yml = appveyor.yml
		README.md = README.md
	EndProjectSection
EndProject
Global
	GlobalSection(SolutionConfigurationPlatforms) = preSolution
		Debug|Win32 = Debug|Win32
		Debug|x64 = Debug|x64
		Release|Win32 = Release|Win32
		Release|x64 = Release|x64
	EndGlobalSection
	GlobalSection(ProjectConfigurationPlatforms) = postSolution
		{75596AA2-826A-42AC-9BD3-ED16BE2E45B6}.Debug|Win32.ActiveCfg = Debug|Win32
		{75596AA2-826A-42AC-9BD3-ED16BE2E45B6}.Debug|Win32.Build.0 = Debug|Win32
		{75596AA2-826A-42AC-9BD3-ED16BE2E45B6}.Debug|x64.ActiveCfg = Debug|x64
		{75596AA2-826A-42AC-9BD3-ED16BE2E45B6}.Debug|x64.Build.0 = Debug|x64
		{75596AA2-826A-42AC-9BD3-ED16BE2E45B6}.Release|Win32.ActiveCfg = Release|Win32
		{75596AA2-826A-42AC-9BD3-ED16BE2E45B6}.Release|Win32.Build.0 = Release|Win32
		{75596AA2-826A-42AC-9BD3-ED16BE2E45B6}.Release|x64.ActiveCfg = Release|x64
		{75596AA2-826A-42AC-9BD3-ED16BE2E45B6}.Release|x64.Build.0 = Release|x64
	EndGlobalSection
	GlobalSection(SolutionProperties) = preSolution
		HideSolutionNode = FALSE
	EndGlobalSection
	GlobalSection(ExtensibilityGlobals) = postSolution
		SolutionGuid = {AAE6B8C7-CADA-462B-AEFB-3246B5EC3AE0}
	EndGlobalSection
EndGlobal
